<?xml version="1.0" encoding="utf-8"?>
<Project ToolsVersion="4.0" xmlns="http://schemas.microsoft.com/developer/msbuild/2003">
  <ItemGroup>
    <Filter Include="Source Files">
      <UniqueIdentifier>{4FC737F1-C7A5-4376-A066-2A32D752A2FF}</UniqueIdentifier>
      <Extensions>cpp;c;cc;cxx;c++;cppm;ixx;def;odl;idl;hpj;bat;asm;asmx</Extensions>
    </Filter>
    <Filter Include="Header Files">
      <UniqueIdentifier>{93995380-89BD-4b04-88EB-625FBE52EBFB}</UniqueIdentifier>
      <Extensions>h;hh;hpp;hxx;h++;hm;inl;inc;ipp;xsd</Extensions>
    </Filter>
    <Filter Include="Resource Files">
      <UniqueIdentifier>{67DA6AB6-F800-4c08-8B7A-83BB121AAD01}</UniqueIdentifier>
      <Extensions>rc;ico;cur;bmp;dlg;rc2;rct;bin;rgs;gif;jpg;jpeg;jpe;resx;tiff;tif;png;wav;mfcribbon-ms</Extensions>
    </Filter>
    <Filter Include="Source Files\render">
      <UniqueIdentifier>{13e4e649-6cb8-45f9-ac7b-3f182aec51d2}</UniqueIdentifier>
    </Filter>
    <Filter Include="Header Files\render">
      <UniqueIdentifier>{6fc90e5c-892d-43f3-81d1-907a9e952d1a}</UniqueIdentifier>
    </Filter>
    <Filter Include="Header Files\network">
      <UniqueIdentifier>{9994c408-a9f1-488d-a59c-e6bab04241ed}</UniqueIdentifier>
    </Filter>
    <Filter Include="Header Files\SceneLoader">
      <UniqueIdentifier>{c83fc989-59bb-4ffa-89a8-3514179d60a3}</UniqueIdentifier>
    </Filter>
    <Filter Include="Source Files\render\shaders">
      <UniqueIdentifier>{4f48eff9-2468-4b82-90b6-ec945badb18a}</UniqueIdentifier>
    </Filter>
    <Filter Include="Header Files\render\ui">
      <UniqueIdentifier>{1a6110a5-e9f2-4396-aaac-5885eb7cebc5}</UniqueIdentifier>
    </Filter>
    <Filter Include="Source Files\render\ui">
      <UniqueIdentifier>{dac9ecd1-1771-49af-8370-dc9f67142060}</UniqueIdentifier>
    </Filter>
  </ItemGroup>
  <ItemGroup>
    <ClCompile Include="main.cpp">
      <Filter>Source Files</Filter>
    </ClCompile>
    <ClCompile Include="glad\src\glad.c">
      <Filter>Source Files</Filter>
    </ClCompile>
    <ClCompile Include="RenderManager.cpp">
      <Filter>Source Files\render</Filter>
    </ClCompile>
    <ClCompile Include="Model.cpp">
      <Filter>Source Files\render</Filter>
    </ClCompile>
    <ClCompile Include="Camera.cpp">
      <Filter>Source Files\render</Filter>
    </ClCompile>
    <ClCompile Include="ShaderProgram.cpp">
      <Filter>Source Files\render</Filter>
    </ClCompile>
    <ClCompile Include="Material.cpp">
      <Filter>Source Files\render</Filter>
    </ClCompile>
    <ClCompile Include="SceneGraphNode.cpp">
      <Filter>Source Files\render</Filter>
    </ClCompile>
    <ClCompile Include="SceneLoader.cpp">
      <Filter>Source Files</Filter>
    </ClCompile>
    <ClCompile Include="GameManager.cpp">
      <Filter>Source Files</Filter>
    </ClCompile>
    <ClCompile Include="MeshLoader.cpp">
      <Filter>Source Files\render</Filter>
    </ClCompile>
    <ClCompile Include="..\Shared\GameObject.cpp">
      <Filter>Source Files</Filter>
    </ClCompile>
    <ClCompile Include="..\Shared\Transform.cpp">
      <Filter>Source Files</Filter>
    </ClCompile>
    <ClCompile Include="SceneGraph.cpp">
      <Filter>Source Files\render</Filter>
    </ClCompile>
    <ClCompile Include="TextureLoader.cpp">
      <Filter>Source Files\render</Filter>
    </ClCompile>
    <ClCompile Include="stb_image.cpp">
      <Filter>Source Files\render</Filter>
    </ClCompile>
    <ClCompile Include="ParticleEmitter.cpp">
      <Filter>Source Files\render</Filter>
    </ClCompile>
    <ClCompile Include="Sound.cpp">
      <Filter>Source Files</Filter>
    </ClCompile>
    <ClCompile Include="ModelLoader.cpp">
      <Filter>Source Files</Filter>
    </ClCompile>
    <ClCompile Include="Skybox.cpp">
      <Filter>Source Files\render</Filter>
    </ClCompile>
    <ClCompile Include="Font.cpp">
      <Filter>Source Files\render\ui</Filter>
    </ClCompile>
    <ClCompile Include="..\Shared\AABB.cpp">
      <Filter>Source Files</Filter>
    </ClCompile>
    <ClCompile Include="..\Shared\Utils.cpp">
      <Filter>Source Files</Filter>
    </ClCompile>
    <ClCompile Include="Rect.cpp">
      <Filter>Source Files\render\ui</Filter>
    </ClCompile>
    <ClCompile Include="Image.cpp">
      <Filter>Source Files\render\ui</Filter>
    </ClCompile>
    <ClCompile Include="ConeParticleEmitter.cpp">
      <Filter>Source Files\render</Filter>
    </ClCompile>
    <ClCompile Include="GameEndInfo.cpp">
      <Filter>Source Files</Filter>
    </ClCompile>
  </ItemGroup>
  <ItemGroup>
    <None Include="packages.config" />
    <None Include="..\Shared\scene.json" />
    <None Include="color_frag.glsl">
      <Filter>Source Files\render\shaders</Filter>
    </None>
    <None Include="color_vert.glsl">
      <Filter>Source Files\render\shaders</Filter>
    </None>
    <None Include="normal_frag.glsl">
      <Filter>Source Files\render\shaders</Filter>
    </None>
    <None Include="normal_vert.glsl">
      <Filter>Source Files\render\shaders</Filter>
    </None>
    <None Include="texture_vert.glsl">
      <Filter>Source Files\render\shaders</Filter>
    </None>
    <None Include="texture_frag.glsl">
      <Filter>Source Files\render\shaders</Filter>
    </None>
    <None Include="rainbow_vert.glsl">
      <Filter>Source Files\render\shaders</Filter>
    </None>
    <None Include="rainbow_frag.glsl">
      <Filter>Source Files\render\shaders</Filter>
    </None>
    <None Include="bump_frag.glsl">
      <Filter>Source Files\render\shaders</Filter>
    </None>
    <None Include="bump_vert.glsl">
      <Filter>Source Files\render\shaders</Filter>
    </None>
    <None Include="particle_vert.glsl">
      <Filter>Source Files\render\shaders</Filter>
    </None>
    <None Include="particle_frag.glsl">
      <Filter>Source Files\render\shaders</Filter>
    </None>
    <None Include="skybox_vert.glsl">
      <Filter>Source Files\render\shaders</Filter>
    </None>
    <None Include="skybox_frag.glsl">
      <Filter>Source Files\render\shaders</Filter>
    </None>
    <None Include="font_vert.glsl">
      <Filter>Source Files\render\shaders</Filter>
    </None>
    <None Include="font_frag.glsl">
      <Filter>Source Files\render\shaders</Filter>
    </None>
    <None Include="billboard_vert.glsl">
      <Filter>Source Files\render\shaders</Filter>
    </None>
    <None Include="billboard_frag.glsl">
      <Filter>Source Files\render\shaders</Filter>
    </None>
    <None Include="rect_vert.glsl">
      <Filter>Source Files\render\shaders</Filter>
    </None>
    <None Include="rect_frag.glsl">
      <Filter>Source Files\render\shaders</Filter>
    </None>
    <None Include="image_frag.glsl">
      <Filter>Source Files\render\shaders</Filter>
    </None>
    <None Include="image_vert.glsl">
      <Filter>Source Files\render\shaders</Filter>
    </None>
  </ItemGroup>
  <ItemGroup>
    <ClInclude Include="RenderManager.h">
      <Filter>Header Files\render</Filter>
    </ClInclude>
    <ClInclude Include="Camera.h">
      <Filter>Header Files\render</Filter>
    </ClInclude>
    <ClInclude Include="Material.h">
      <Filter>Header Files\render</Filter>
    </ClInclude>
    <ClInclude Include="SceneGraphNode.h">
      <Filter>Header Files\render</Filter>
    </ClInclude>
    <ClInclude Include="GameManager.h">
      <Filter>Header Files</Filter>
    </ClInclude>
    <ClInclude Include="..\Shared\GameObject.h">
      <Filter>Header Files</Filter>
    </ClInclude>
    <ClInclude Include="..\Shared\json.hpp">
      <Filter>Header Files</Filter>
    </ClInclude>
    <ClInclude Include="..\Shared\Transform.h">
      <Filter>Header Files</Filter>
    </ClInclude>
    <ClInclude Include="SceneLoader.h">
      <Filter>Header Files\SceneLoader</Filter>
    </ClInclude>
    <ClInclude Include="NetworkClient.hpp">
      <Filter>Header Files</Filter>
    </ClInclude>
    <ClInclude Include="SceneGraph.h">
      <Filter>Header Files\render</Filter>
    </ClInclude>
    <ClInclude Include="TextureLoader.h">
      <Filter>Header Files\render</Filter>
    </ClInclude>
    <ClInclude Include="stb_image.h">
      <Filter>Header Files\render</Filter>
    </ClInclude>
    <ClInclude Include="MeshLoader.h">
      <Filter>Header Files\render</Filter>
    </ClInclude>
    <ClInclude Include="Model.h">
      <Filter>Header Files\render</Filter>
    </ClInclude>
    <ClInclude Include="Sound.h">
      <Filter>Header Files</Filter>
    </ClInclude>
    <ClInclude Include="ShaderProgram.h">
      <Filter>Header Files\render</Filter>
    </ClInclude>
    <ClInclude Include="ParticleEmitter.h">
      <Filter>Header Files\render</Filter>
    </ClInclude>
    <ClInclude Include="ModelLoader.h">
      <Filter>Header Files</Filter>
    </ClInclude>
    <ClInclude Include="Skybox.h">
      <Filter>Header Files\render</Filter>
    </ClInclude>
    <ClInclude Include="Font.h">
      <Filter>Header Files\render\ui</Filter>
    </ClInclude>
    <ClInclude Include="..\Shared\AABB.h">
      <Filter>Header Files</Filter>
    </ClInclude>
    <ClInclude Include="..\Shared\Utils.h">
      <Filter>Header Files</Filter>
    </ClInclude>
    <ClInclude Include="Rect.h">
      <Filter>Header Files\render\ui</Filter>
    </ClInclude>
    <ClInclude Include="Image.h">
      <Filter>Header Files\render\ui</Filter>
    </ClInclude>
    <ClInclude Include="ConeParticleEmitter.h">
      <Filter>Header Files\render</Filter>
    </ClInclude>
    <ClInclude Include="GameEndInfo.h">
      <Filter>Header Files</Filter>
    </ClInclude>
  </ItemGroup>
</Project>