
Microsoft Visual Studio Solution File, Format Version 12.00
# Visual Studio Version 16
VisualStudioVersion = 16.0.31129.286
MinimumVisualStudioVersion = 10.0.40219.1
Project("{8BC9CEB8-8B4A-11D0-8D11-00A0C91BC942}") = "CSE125Group2Game", "CSE125Group2Game\CSE125Group2Game.vcxproj", "{E992B516-DCF3-442F-8A1C-197A8E2ACFC3}"
EndProject
Global
	GlobalSection(SolutionConfigurationPlatforms) = preSolution
		Debug|x64 = Debug|x64
		Debug|x86 = Debug|x86
		Release|x64 = Release|x64
		Release|x86 = Release|x86
	EndGlobalSection
	GlobalSection(ProjectConfigurationPlatforms) = postSolution
		{E992B516-DCF3-442F-8A1C-197A8E2ACFC3}.Debug|x64.ActiveCfg = Debug|x64
		{E992B516-DCF3-442F-8A1C-197A8E2ACFC3}.Debug|x64.Build.0 = Debug|x64
		{E992B516-DCF3-442F-8A1C-197A8E2ACFC3}.Debug|x86.ActiveCfg = Debug|Win32
		{E992B516-DCF3-442F-8A1C-197A8E2ACFC3}.Debug|x86.Build.0 = Debug|Win32
		{E992B516-DCF3-442F-8A1C-197A8E2ACFC3}.Release|x64.ActiveCfg = Release|x64
		{E992B516-DCF3-442F-8A1C-197A8E2ACFC3}.Release|x64.Build.0 = Release|x64
		{E992B516-DCF3-442F-8A1C-197A8E2ACFC3}.Release|x86.ActiveCfg = Release|Win32
		{E992B516-DCF3-442F-8A1C-197A8E2ACFC3}.Release|x86.Build.0 = Release|Win32
	EndGlobalSection
	GlobalSection(SolutionProperties) = preSolution
		HideSolutionNode = FALSE
	EndGlobalSection
	GlobalSection(ExtensibilityGlobals) = postSolution
		SolutionGuid = {D25A2AA4-74A5-4A74-A7C6-5F9F859D91B3}
	EndGlobalSection
EndGlobal
